
Microsoft Visual Studio Solution File, Format Version 12.00
# Visual Studio 15
VisualStudioVersion = 15.0.26730.10
MinimumVisualStudioVersion = 10.0.40219.1
Project("{8BC9CEB8-8B4A-11D0-8D11-00A0C91BC942}") = "c11e3RINT", "c11e3RINT\c11e3RINT.vcxproj", "{565B2C2E-5621-4BA6-9DE7-51B40B80BD21}"
EndProject
Global
	GlobalSection(SolutionConfigurationPlatforms) = preSolution
		Debug|x64 = Debug|x64
		Debug|x86 = Debug|x86
		Release|x64 = Release|x64
		Release|x86 = Release|x86
	EndGlobalSection
	GlobalSection(ProjectConfigurationPlatforms) = postSolution
		{565B2C2E-5621-4BA6-9DE7-51B40B80BD21}.Debug|x64.ActiveCfg = Debug|x64
		{565B2C2E-5621-4BA6-9DE7-51B40B80BD21}.Debug|x64.Build.0 = Debug|x64
		{565B2C2E-5621-4BA6-9DE7-51B40B80BD21}.Debug|x86.ActiveCfg = Debug|Win32
		{565B2C2E-5621-4BA6-9DE7-51B40B80BD21}.Debug|x86.Build.0 = Debug|Win32
		{565B2C2E-5621-4BA6-9DE7-51B40B80BD21}.Release|x64.ActiveCfg = Release|x64
		{565B2C2E-5621-4BA6-9DE7-51B40B80BD21}.Release|x64.Build.0 = Release|x64
		{565B2C2E-5621-4BA6-9DE7-51B40B80BD21}.Release|x86.ActiveCfg = Release|Win32
		{565B2C2E-5621-4BA6-9DE7-51B40B80BD21}.Release|x86.Build.0 = Release|Win32
	EndGlobalSection
	GlobalSection(SolutionProperties) = preSolution
		HideSolutionNode = FALSE
	EndGlobalSection
	GlobalSection(ExtensibilityGlobals) = postSolution
		SolutionGuid = {76287EFE-D3ED-45CE-95C4-7D824F874FFC}
	EndGlobalSection
EndGlobal
